{
    "_meta": {
        "hash": {
            "sha256": "751294f7a29e8bd64225be8becefbd66fd91e241cc8fa3004bb717712d244428"
        },
        "pipfile-spec": 6,
        "requires": {
            "python_version": "3.12"
        },
        "sources": [
            {
                "name": "pypi",
                "url": "https://pypi.org/simple",
                "verify_ssl": true
            }
        ]
    },
    "default": {
        "filelock": {
            "hashes": [
                "sha256:339b4732ffda5cd79b13f4e2711a31b0365ce445d95d243bb996273d072546a2",
                "sha256:711e943b4ec6be42e1d4e6690b48dc175c822967466bb31c0c293f34334c13f4"
            ],
            "markers": "python_version >= '3.10'",
            "version": "==3.20.0"
        },
        "fsspec": {
            "hashes": [
                "sha256:7c7712353ae7d875407f97715f0e1ffcc21e33d5b24556cb1e090ae9409ec61d",
                "sha256:b6789427626f068f9a83ca4e8a3cc050850b6c0f71f99ddb4f542b8266a26a59"
            ],
            "markers": "python_version >= '3.9'",
            "version": "==2025.10.0"
        },
        "jinja2": {
            "hashes": [
                "sha256:0137fb05990d35f1275a587e9aee6d56da821fc83491a0fb838183be43f66d6d",
                "sha256:85ece4451f492d0c13c5dd7c13a64681a86afae63a5f347908daf103ce6d2f67"
            ],
            "markers": "python_version >= '3.7'",
            "version": "==3.1.6"
        },
        "markupsafe": {
            "hashes": [
                "sha256:0303439a41979d9e74d18ff5e2dd8c43ed6c6001fd40e5bf2e43f7bd9bbc523f",
                "sha256:068f375c472b3e7acbe2d5318dea141359e6900156b5b2ba06a30b169086b91a",
                "sha256:0bf2a864d67e76e5c9a34dc26ec616a66b9888e25e7b9460e1c76d3293bd9dbf",
                "sha256:0db14f5dafddbb6d9208827849fad01f1a2609380add406671a26386cdf15a19",
                "sha256:0eb9ff8191e8498cca014656ae6b8d61f39da5f95b488805da4bb029cccbfbaf",
                "sha256:0f4b68347f8c5eab4a13419215bdfd7f8c9b19f2b25520968adfad23eb0ce60c",
                "sha256:1085e7fbddd3be5f89cc898938f42c0b3c711fdcb37d75221de2666af647c175",
                "sha256:116bb52f642a37c115f517494ea5feb03889e04df47eeff5b130b1808ce7c219",
                "sha256:12c63dfb4a98206f045aa9563db46507995f7ef6d83b2f68eda65c307c6829eb",
                "sha256:133a43e73a802c5562be9bbcd03d090aa5a1fe899db609c29e8c8d815c5f6de6",
                "sha256:1353ef0c1b138e1907ae78e2f6c63ff67501122006b0f9abad68fda5f4ffc6ab",
                "sha256:15d939a21d546304880945ca1ecb8a039db6b4dc49b2c5a400387cdae6a62e26",
                "sha256:177b5253b2834fe3678cb4a5f0059808258584c559193998be2601324fdeafb1",
                "sha256:1872df69a4de6aead3491198eaf13810b565bdbeec3ae2dc8780f14458ec73ce",
                "sha256:1b4b79e8ebf6b55351f0d91fe80f893b4743f104bff22e90697db1590e47a218",
                "sha256:1b52b4fb9df4eb9ae465f8d0c228a00624de2334f216f178a995ccdcf82c4634",
                "sha256:1ba88449deb3de88bd40044603fafffb7bc2b055d626a330323a9ed736661695",
                "sha256:1cc7ea17a6824959616c525620e387f6dd30fec8cb44f649e31712db02123dad",
                "sha256:218551f6df4868a8d527e3062d0fb968682fe92054e89978594c28e642c43a73",
                "sha256:26a5784ded40c9e318cfc2bdb30fe164bdb8665ded9cd64d500a34fb42067b1c",
                "sha256:2713baf880df847f2bece4230d4d094280f4e67b1e813eec43b4c0e144a34ffe",
                "sha256:2a15a08b17dd94c53a1da0438822d70ebcd13f8c3a95abe3a9ef9f11a94830aa",
                "sha256:2f981d352f04553a7171b8e44369f2af4055f888dfb147d55e42d29e29e74559",
                "sha256:32001d6a8fc98c8cb5c947787c5d08b0a50663d139f1305bac5885d98d9b40fa",
                "sha256:3524b778fe5cfb3452a09d31e7b5adefeea8c5be1d43c4f810ba09f2ceb29d37",
                "sha256:3537e01efc9d4dccdf77221fb1cb3b8e1a38d5428920e0657ce299b20324d758",
                "sha256:35add3b638a5d900e807944a078b51922212fb3dedb01633a8defc4b01a3c85f",
                "sha256:38664109c14ffc9e7437e86b4dceb442b0096dfe3541d7864d9cbe1da4cf36c8",
                "sha256:3a7e8ae81ae39e62a41ec302f972ba6ae23a5c5396c8e60113e9066ef893da0d",
                "sha256:3b562dd9e9ea93f13d53989d23a7e775fdfd1066c33494ff43f5418bc8c58a5c",
                "sha256:457a69a9577064c05a97c41f4e65148652db078a3a509039e64d3467b9e7ef97",
                "sha256:4bd4cd07944443f5a265608cc6aab442e4f74dff8088b0dfc8238647b8f6ae9a",
                "sha256:4e885a3d1efa2eadc93c894a21770e4bc67899e3543680313b09f139e149ab19",
                "sha256:4faffd047e07c38848ce017e8725090413cd80cbc23d86e55c587bf979e579c9",
                "sha256:509fa21c6deb7a7a273d629cf5ec029bc209d1a51178615ddf718f5918992ab9",
                "sha256:5678211cb9333a6468fb8d8be0305520aa073f50d17f089b5b4b477ea6e67fdc",
                "sha256:591ae9f2a647529ca990bc681daebdd52c8791ff06c2bfa05b65163e28102ef2",
                "sha256:5a7d5dc5140555cf21a6fefbdbf8723f06fcd2f63ef108f2854de715e4422cb4",
                "sha256:69c0b73548bc525c8cb9a251cddf1931d1db4d2258e9599c28c07ef3580ef354",
                "sha256:6b5420a1d9450023228968e7e6a9ce57f65d148ab56d2313fcd589eee96a7a50",
                "sha256:722695808f4b6457b320fdc131280796bdceb04ab50fe1795cd540799ebe1698",
                "sha256:729586769a26dbceff69f7a7dbbf59ab6572b99d94576a5592625d5b411576b9",
                "sha256:77f0643abe7495da77fb436f50f8dab76dbc6e5fd25d39589a0f1fe6548bfa2b",
                "sha256:795e7751525cae078558e679d646ae45574b47ed6e7771863fcc079a6171a0fc",
                "sha256:7be7b61bb172e1ed687f1754f8e7484f1c8019780f6f6b0786e76bb01c2ae115",
                "sha256:7c3fb7d25180895632e5d3148dbdc29ea38ccb7fd210aa27acbd1201a1902c6e",
                "sha256:7e68f88e5b8799aa49c85cd116c932a1ac15caaa3f5db09087854d218359e485",
                "sha256:83891d0e9fb81a825d9a6d61e3f07550ca70a076484292a70fde82c4b807286f",
                "sha256:8485f406a96febb5140bfeca44a73e3ce5116b2501ac54fe953e488fb1d03b12",
                "sha256:8709b08f4a89aa7586de0aadc8da56180242ee0ada3999749b183aa23df95025",
                "sha256:8f71bc33915be5186016f675cd83a1e08523649b0e33efdb898db577ef5bb009",
                "sha256:915c04ba3851909ce68ccc2b8e2cd691618c4dc4c4232fb7982bca3f41fd8c3d",
                "sha256:949b8d66bc381ee8b007cd945914c721d9aba8e27f71959d750a46f7c282b20b",
                "sha256:94c6f0bb423f739146aec64595853541634bde58b2135f27f61c1ffd1cd4d16a",
                "sha256:9a1abfdc021a164803f4d485104931fb8f8c1efd55bc6b748d2f5774e78b62c5",
                "sha256:9b79b7a16f7fedff2495d684f2b59b0457c3b493778c9eed31111be64d58279f",
                "sha256:a320721ab5a1aba0a233739394eb907f8c8da5c98c9181d1161e77a0c8e36f2d",
                "sha256:a4afe79fb3de0b7097d81da19090f4df4f8d3a2b3adaa8764138aac2e44f3af1",
                "sha256:ad2cf8aa28b8c020ab2fc8287b0f823d0a7d8630784c31e9ee5edea20f406287",
                "sha256:b8512a91625c9b3da6f127803b166b629725e68af71f8184ae7e7d54686a56d6",
                "sha256:bc51efed119bc9cfdf792cdeaa4d67e8f6fcccab66ed4bfdd6bde3e59bfcbb2f",
                "sha256:bdc919ead48f234740ad807933cdf545180bfbe9342c2bb451556db2ed958581",
                "sha256:bdd37121970bfd8be76c5fb069c7751683bdf373db1ed6c010162b2a130248ed",
                "sha256:be8813b57049a7dc738189df53d69395eba14fb99345e0a5994914a3864c8a4b",
                "sha256:c0c0b3ade1c0b13b936d7970b1d37a57acde9199dc2aecc4c336773e1d86049c",
                "sha256:c47a551199eb8eb2121d4f0f15ae0f923d31350ab9280078d1e5f12b249e0026",
                "sha256:c4ffb7ebf07cfe8931028e3e4c85f0357459a3f9f9490886198848f4fa002ec8",
                "sha256:ccfcd093f13f0f0b7fdd0f198b90053bf7b2f02a3927a30e63f3ccc9df56b676",
                "sha256:d2ee202e79d8ed691ceebae8e0486bd9a2cd4794cec4824e1c99b6f5009502f6",
                "sha256:d53197da72cc091b024dd97249dfc7794d6a56530370992a5e1a08983ad9230e",
                "sha256:d6dd0be5b5b189d31db7cda48b91d7e0a9795f31430b7f271219ab30f1d3ac9d",
                "sha256:d88b440e37a16e651bda4c7c2b930eb586fd15ca7406cb39e211fcff3bf3017d",
                "sha256:de8a88e63464af587c950061a5e6a67d3632e36df62b986892331d4620a35c01",
                "sha256:df2449253ef108a379b8b5d6b43f4b1a8e81a061d6537becd5582fba5f9196d7",
                "sha256:e1c1493fb6e50ab01d20a22826e57520f1284df32f2d8601fdd90b6304601419",
                "sha256:e1cf1972137e83c5d4c136c43ced9ac51d0e124706ee1c8aa8532c1287fa8795",
                "sha256:e2103a929dfa2fcaf9bb4e7c091983a49c9ac3b19c9061b6d5427dd7d14d81a1",
                "sha256:e56b7d45a839a697b5eb268c82a71bd8c7f6c94d6fd50c3d577fa39a9f1409f5",
                "sha256:e8afc3f2ccfa24215f8cb28dcf43f0113ac3c37c2f0f0806d8c70e4228c5cf4d",
                "sha256:e8fc20152abba6b83724d7ff268c249fa196d8259ff481f3b1476383f8f24e42",
                "sha256:eaa9599de571d72e2daf60164784109f19978b327a3910d3e9de8c97b5b70cfe",
                "sha256:ec15a59cf5af7be74194f7ab02d0f59a62bdcf1a537677ce67a2537c9b87fcda",
                "sha256:f190daf01f13c72eac4efd5c430a8de82489d9cff23c364c3ea822545032993e",
                "sha256:f34c41761022dd093b4b6896d4810782ffbabe30f2d443ff5f083e0cbbb8c737",
                "sha256:f3e98bb3798ead92273dc0e5fd0f31ade220f59a266ffd8a4f6065e0a3ce0523",
                "sha256:f42d0984e947b8adf7dd6dde396e720934d12c506ce84eea8476409563607591",
                "sha256:f71a396b3bf33ecaa1626c255855702aca4d3d9fea5e051b41ac59a9c1c41edc",
                "sha256:f9e130248f4462aaa8e2552d547f36ddadbeaa573879158d721bbd33dfe4743a",
                "sha256:fed51ac40f757d41b7c48425901843666a6677e3e8eb0abcff09e4ba6e664f50"
            ],
            "markers": "python_version >= '3.9'",
            "version": "==3.0.3"
        },
        "mpmath": {
            "hashes": [
                "sha256:7a28eb2a9774d00c7bc92411c19a89209d5da7c4c9a9e227be8330a23a25b91f",
                "sha256:a0b2b9fe80bbcd81a6647ff13108738cfb482d481d826cc0e02f5b35e5c88d2c"
            ],
            "version": "==1.3.0"
        },
        "networkx": {
            "hashes": [
                "sha256:0030d386a9a06dee3565298b4a734b68589749a544acbb6c412dc9e2489ec6ec",
                "sha256:d4c6f9cf81f52d69230866796b82afbccdec3db7ae4fbd1b65ea750feed50037"
            ],
            "markers": "python_version >= '3.11'",
            "version": "==3.5"
        },
        "numpy": {
            "hashes": [
                "sha256:035796aaaddfe2f9664b9a9372f089cfc88bd795a67bd1bfe15e6e770934cf64",
                "sha256:043885b4f7e6e232d7df4f51ffdef8c36320ee9d5f227b380ea636722c7ed12e",
                "sha256:04a69abe45b49c5955923cf2c407843d1c85013b424ae8a560bba16c92fe44a0",
                "sha256:0f2bcc76f1e05e5ab58893407c63d90b2029908fa41f9f1cc51eecce936c3365",
                "sha256:13b9062e4f5c7ee5c7e5be96f29ba71bc5a37fed3d1d77c37390ae00724d296d",
                "sha256:15eea9f306b98e0be91eb344a94c0e630689ef302e10c2ce5f7e11905c704f9c",
                "sha256:15fb27364ed84114438fff8aaf998c9e19adbeba08c0b75409f8c452a8692c52",
                "sha256:1b219560ae2c1de48ead517d085bc2d05b9433f8e49d0955c82e8cd37bd7bf36",
                "sha256:22758999b256b595cf0b1d102b133bb61866ba5ceecf15f759623b64c020c9ec",
                "sha256:2ec646892819370cf3558f518797f16597b4e4669894a2ba712caccc9da53f1f",
                "sha256:3634093d0b428e6c32c3a69b78e554f0cd20ee420dcad5a9f3b2a63762ce4197",
                "sha256:36dc13af226aeab72b7abad501d370d606326a0029b9f435eacb3b8c94b8a8b7",
                "sha256:3da3491cee49cf16157e70f607c03a217ea6647b1cea4819c4f48e53d49139b9",
                "sha256:40cc556d5abbc54aabe2b1ae287042d7bdb80c08edede19f0c0afb36ae586f37",
                "sha256:4121c5beb58a7f9e6dfdee612cb24f4df5cd4db6e8261d7f4d7450a997a65d6a",
                "sha256:4635239814149e06e2cb9db3dd584b2fa64316c96f10656983b8026a82e6e4db",
                "sha256:4c01835e718bcebe80394fd0ac66c07cbb90147ebbdad3dcecd3f25de2ae7e2c",
                "sha256:4ee6a571d1e4f0ea6d5f22d6e5fbd6ed1dc2b18542848e1e7301bd190500c9d7",
                "sha256:56209416e81a7893036eea03abcb91c130643eb14233b2515c90dcac963fe99d",
                "sha256:5e199c087e2aa71c8f9ce1cb7a8e10677dc12457e7cc1be4798632da37c3e86e",
                "sha256:62b2198c438058a20b6704351b35a1d7db881812d8512d67a69c9de1f18ca05f",
                "sha256:64c5825affc76942973a70acf438a8ab618dbd692b84cd5ec40a0a0509edc09a",
                "sha256:65611ecbb00ac9846efe04db15cbe6186f562f6bb7e5e05f077e53a599225d16",
                "sha256:6d34ed9db9e6395bb6cd33286035f73a59b058169733a9db9f85e650b88df37e",
                "sha256:6d9cd732068e8288dbe2717177320723ccec4fb064123f0caf9bbd90ab5be868",
                "sha256:6e274603039f924c0fe5cb73438fa9246699c78a6df1bd3decef9ae592ae1c05",
                "sha256:77b84453f3adcb994ddbd0d1c5d11db2d6bda1a2b7fd5ac5bd4649d6f5dc682e",
                "sha256:7c26b0b2bf58009ed1f38a641f3db4be8d960a417ca96d14e5b06df1506d41ff",
                "sha256:7fd09cc5d65bda1e79432859c40978010622112e9194e581e3415a3eccc7f43f",
                "sha256:817e719a868f0dacde4abdfc5c1910b301877970195db9ab6a5e2c4bd5b121f7",
                "sha256:81b3a59793523e552c4a96109dde028aa4448ae06ccac5a76ff6532a85558a7f",
                "sha256:81c3e6d8c97295a7360d367f9f8553973651b76907988bb6066376bc2252f24e",
                "sha256:838f045478638b26c375ee96ea89464d38428c69170360b23a1a50fa4baa3562",
                "sha256:84f01a4d18b2cc4ade1814a08e5f3c907b079c847051d720fad15ce37aa930b6",
                "sha256:85597b2d25ddf655495e2363fe044b0ae999b75bc4d630dc0d886484b03a5eb0",
                "sha256:85d9fb2d8cd998c84d13a79a09cc0c1091648e848e4e6249b0ccd7f6b487fa26",
                "sha256:85e071da78d92a214212cacea81c6da557cab307f2c34b5f85b628e94803f9c0",
                "sha256:863e3b5f4d9915aaf1b8ec79ae560ad21f0b8d5e3adc31e73126491bb86dee1d",
                "sha256:86966db35c4040fdca64f0816a1c1dd8dbd027d90fca5a57e00e1ca4cd41b879",
                "sha256:8ab1c5f5ee40d6e01cbe96de5863e39b215a4d24e7d007cad56c7184fdf4aeef",
                "sha256:8b5a9a39c45d852b62693d9b3f3e0fe052541f804296ff401a72a1b60edafb29",
                "sha256:8dc20bde86802df2ed8397a08d793da0ad7a5fd4ea3ac85d757bf5dd4ad7c252",
                "sha256:957e92defe6c08211eb77902253b14fe5b480ebc5112bc741fd5e9cd0608f847",
                "sha256:962064de37b9aef801d33bc579690f8bfe6c5e70e29b61783f60bcba838a14d6",
                "sha256:985f1e46358f06c2a09921e8921e2c98168ed4ae12ccd6e5e87a4f1857923f32",
                "sha256:9984bd645a8db6ca15d850ff996856d8762c51a2239225288f08f9050ca240a0",
                "sha256:9cb177bc55b010b19798dc5497d540dea67fd13a8d9e882b2dae71de0cf09eb3",
                "sha256:9d729d60f8d53a7361707f4b68a9663c968882dd4f09e0d58c044c8bf5faee7b",
                "sha256:a13fc473b6db0be619e45f11f9e81260f7302f8d180c49a22b6e6120022596b3",
                "sha256:a49d797192a8d950ca59ee2d0337a4d804f713bb5c3c50e8db26d49666e351dc",
                "sha256:a700a4031bc0fd6936e78a752eefb79092cecad2599ea9c8039c548bc097f9bc",
                "sha256:a7b2f9a18b5ff9824a6af80de4f37f4ec3c2aab05ef08f51c77a093f5b89adda",
                "sha256:a7d018bfedb375a8d979ac758b120ba846a7fe764911a64465fd87b8729f4a6a",
                "sha256:b6c231c9c2fadbae4011ca5e7e83e12dc4a5072f1a1d85a0a7b3ed754d145a40",
                "sha256:bafa7d87d4c99752d07815ed7a2c0964f8ab311eb8168f41b910bd01d15b6032",
                "sha256:bd0c630cf256b0a7fd9d0a11c9413b42fef5101219ce6ed5a09624f5a65392c7",
                "sha256:c090d4860032b857d94144d1a9976b8e36709e40386db289aaf6672de2a81966",
                "sha256:c2f91f496a87235c6aaf6d3f3d89b17dba64996abadccb289f48456cff931ca9",
                "sha256:d149aee5c72176d9ddbc6803aef9c0f6d2ceeea7626574fc68518da5476fa346",
                "sha256:d5e081bc082825f8b139f9e9fe42942cb4054524598aaeb177ff476cc76d09d2",
                "sha256:d7315ed1dab0286adca467377c8381cd748f3dc92235f22a7dfc42745644a96a",
                "sha256:dabc42f9c6577bcc13001b8810d300fe814b4cfbe8a92c873f269484594f9786",
                "sha256:e1708fac43ef8b419c975926ce1eaf793b0c13b7356cfab6ab0dc34c0a02ac0f",
                "sha256:e73d63fd04e3a9d6bc187f5455d81abfad05660b212c8804bf3b407e984cd2bc",
                "sha256:e78aecd2800b32e8347ce49316d3eaf04aed849cd5b38e0af39f829a4e59f5eb",
                "sha256:e8370eb6925bb8c1c4264fec52b0384b44f675f191df91cbe0140ec9f0955646",
                "sha256:ecb63014bb7f4ce653f8be7f1df8cbc6093a5a2811211770f6606cc92b5a78fd",
                "sha256:ed759bf7a70342f7817d88376eb7142fab9fef8320d6019ef87fae05a99874e1",
                "sha256:ef1b5a3e808bc40827b5fa2c8196151a4c5abe110e1726949d7abddfe5c7ae11",
                "sha256:f77e5b3d3da652b474cc80a14084927a5e86a5eccf54ca8ca5cbd697bf7f2667",
                "sha256:faba246fb30ea2a526c2e9645f61612341de1a83fb1e0c5edf4ddda5a9c10996",
                "sha256:fc8a63918b04b8571789688b2780ab2b4a33ab44bfe8ccea36d3eba51228c953",
                "sha256:fdebe771ca06bb8d6abce84e51dca9f7921fe6ad34a0c914541b063e9a68928b",
                "sha256:fea80f4f4cf83b54c3a051f2f727870ee51e22f0248d3114b8e755d160b38cfb"
            ],
            "index": "pypi",
            "markers": "python_version >= '3.11'",
            "version": "==2.3.4"
        },
        "setuptools": {
            "hashes": [
                "sha256:062d34222ad13e0cc312a4c02d73f059e86a4acbfbdea8f8f76b28c99f306922",
                "sha256:f36b47402ecde768dbfafc46e8e4207b4360c654f1f3bb84475f0a28628fb19c"
            ],
            "markers": "python_version >= '3.9'",
            "version": "==80.9.0"
        },
        "sympy": {
            "hashes": [
                "sha256:d3d3fe8df1e5a0b42f0e7bdf50541697dbe7d23746e894990c030e2b05e72517",
                "sha256:e091cc3e99d2141a0ba2847328f5479b05d94a6635cb96148ccb3f34671bd8f5"
            ],
            "markers": "python_version >= '3.9'",
            "version": "==1.14.0"
        },
        "torch": {
            "hashes": [
                "sha256:0d06b30a9207b7c3516a9e0102114024755a07045f0c1d2f2a56b1819ac06bcb",
                "sha256:19d144d6b3e29921f1fc70503e9f2fc572cde6a5115c0c0de2f7ca8b1483e8b6",
                "sha256:1cc208435f6c379f9b8fdfd5ceb5be1e3b72a6bdf1cb46c0d2812aa73472db9e",
                "sha256:1edee27a7c9897f4e0b7c14cfc2f3008c571921134522d5b9b5ec4ebbc69041a",
                "sha256:27331cd902fb4322252657f3902adf1c4f6acad9dcad81d8df3ae14c7c4f07c4",
                "sha256:2af70e3be4a13becba4655d6cc07dcfec7ae844db6ac38d6c1dafeb245d17d65",
                "sha256:2c14b3da5df416cf9cb5efab83aa3056f5b8cd8620b8fde81b4987ecab730587",
                "sha256:2e1c42c0ae92bf803a4b2409fdfed85e30f9027a66887f5e7dcdbc014c7531db",
                "sha256:30a3e170a84894f3652434b56d59a64a2c11366b0ed5776fab33c2439396bf9a",
                "sha256:52347912d868653e1528b47cafaf79b285b98be3f4f35d5955389b1b95224475",
                "sha256:545844cc16b3f91e08ce3b40e9c2d77012dd33a48d505aed34b7740ed627a1b2",
                "sha256:5be4bf7496f1e3ffb1dd44b672adb1ac3f081f204c5ca81eba6442f5f634df8e",
                "sha256:62b3fd888277946918cba4478cf849303da5359f0fb4e3bfb86b0533ba2eaf8d",
                "sha256:81a285002d7b8cfd3fdf1b98aa8df138d41f1a8334fd9ea37511517cedf43083",
                "sha256:8301a7b431e51764629208d0edaa4f9e4c33e6df0f2f90b90e261d623df6a4e2",
                "sha256:9fd35c68b3679378c11f5eb73220fdcb4e6f4592295277fbb657d31fd053237c",
                "sha256:a83b0e84cc375e3318a808d032510dde99d696a85fe9473fc8575612b63ae951",
                "sha256:c0d25d1d8e531b8343bea0ed811d5d528958f1dcbd37e7245bc686273177ad7e",
                "sha256:c29455d2b910b98738131990394da3e50eea8291dfeb4b12de71ecf1fdeb21cb",
                "sha256:c88d3299ddeb2b35dcc31753305612db485ab6f1823e37fb29451c8b2732b87e",
                "sha256:cb10896a1f7fedaddbccc2017ce6ca9ecaaf990f0973bdfcf405439750118d2c",
                "sha256:d033ff0ac3f5400df862a51bdde9bad83561f3739ea0046e68f5401ebfa67c1b",
                "sha256:d187566a2cdc726fc80138c3cdb260970fab1c27e99f85452721f7759bbd554d",
                "sha256:da5f6f4d7f4940a173e5572791af238cb0b9e21b1aab592bd8b26da4c99f1cd6"
            ],
            "index": "pypi",
            "markers": "python_version >= '3.10'",
            "version": "==2.9.1"
        },
        "typing-extensions": {
            "hashes": [
                "sha256:0cea48d173cc12fa28ecabc3b837ea3cf6f38c6d1136f85cbaaf598984861466",
                "sha256:f0fa19c6845758ab08074a0cfa8b7aecb71c999ca73d62883bc25cc018c4e548"
            ],
            "markers": "python_version >= '3.9'",
            "version": "==4.15.0"
        }
    },
    "develop": {
        "asttokens": {
            "hashes": [
                "sha256:0dcd8baa8d62b0c1d118b399b2ddba3c4aff271d0d7a9e0d4c1681c79035bbc7",
                "sha256:e3078351a059199dd5138cb1c706e6430c05eff2ff136af5eb4790f9d28932e2"
            ],
            "markers": "python_version >= '3.8'",
            "version": "==3.0.0"
        },
        "colorama": {
            "hashes": [
                "sha256:08695f5cb7ed6e0531a20572697297273c47b8cae5a63ffc6d6ed5c201be6e44",
                "sha256:4f1d9991f5acc0ca119f9d443620b77f9d6b33703e51011c16baf57afb285fc6"
            ],
            "markers": "python_version >= '2.7' and python_version not in '3.0, 3.1, 3.2, 3.3, 3.4, 3.5, 3.6'",
            "version": "==0.4.6"
        },
        "comm": {
            "hashes": [
                "sha256:2dc8048c10962d55d7ad693be1e7045d891b7ce8d999c97963a5e3e99c055971",
                "sha256:c615d91d75f7f04f095b30d1c1711babd43bdc6419c1be9886a85f2f4e489417"
            ],
            "markers": "python_version >= '3.8'",
            "version": "==0.2.3"
        },
        "debugpy": {
            "hashes": [
                "sha256:045290c010bcd2d82bc97aa2daf6837443cd52f6328592698809b4549babcee1",
                "sha256:1440fd514e1b815edd5861ca394786f90eb24960eb26d6f7200994333b1d79e3",
                "sha256:17e456da14848d618662354e1dccfd5e5fb75deec3d1d48dc0aa0baacda55860",
                "sha256:24693179ef9dfa20dca8605905a42b392be56d410c333af82f1c5dff807a64cc",
                "sha256:3a32c0af575749083d7492dc79f6ab69f21b2d2ad4cd977a958a07d5865316e4",
                "sha256:3bea3b0b12f3946e098cce9b43c3c46e317b567f79570c3f43f0b96d00788088",
                "sha256:5c59b74aa5630f3a5194467100c3b3d1c77898f9ab27e3f7dc5d40fc2f122670",
                "sha256:60c7dca6571efe660ccb7a9508d73ca14b8796c4ed484c2002abba714226cfef",
                "sha256:6a4e9dacf2cbb60d2514ff7b04b4534b0139facbf2abdffe0639ddb6088e59cf",
                "sha256:6c5cd6f009ad4fca8e33e5238210dc1e5f42db07d4b6ab21ac7ffa904a196420",
                "sha256:857c1dd5d70042502aef1c6d1c2801211f3ea7e56f75e9c335f434afb403e464",
                "sha256:893cba7bb0f55161de4365584b025f7064e1f88913551bcd23be3260b231429c",
                "sha256:8deb4e31cd575c9f9370042876e078ca118117c1b5e1f22c32befcfbb6955f0c",
                "sha256:a3aad0537cf4d9c1996434be68c6c9a6d233ac6f76c2a482c7803295b4e4f99a",
                "sha256:b13eea5587e44f27f6c48588b5ad56dcb74a4f3a5f89250443c94587f3eb2ea1",
                "sha256:b532282ad4eca958b1b2d7dbcb2b7218e02cb934165859b918e3b6ba7772d3f4",
                "sha256:b69b6bd9dba6a03632534cdf67c760625760a215ae289f7489a452af1031fe1f",
                "sha256:b75868b675949a96ab51abc114c7163f40ff0d8f7d6d5fd63f8932fd38e9c6d7",
                "sha256:bb1bbf92317e1f35afcf3ef0450219efb3afe00be79d8664b250ac0933b9015f",
                "sha256:c41d2ce8bbaddcc0009cc73f65318eedfa3dbc88a8298081deb05389f1ab5542",
                "sha256:c6bdf134457ae0cac6fb68205776be635d31174eeac9541e1d0c062165c6461f",
                "sha256:d3fce3f0e3de262a3b67e69916d001f3e767661c6e1ee42553009d445d1cd840",
                "sha256:e34ee844c2f17b18556b5bbe59e1e2ff4e86a00282d2a46edab73fd7f18f4a83",
                "sha256:e79a195f9e059edfe5d8bf6f3749b2599452d3e9380484cd261f6b7cd2c7c4da",
                "sha256:e851beb536a427b5df8aa7d0c7835b29a13812f41e46292ff80b2ef77327355a",
                "sha256:e8f8f61c518952fb15f74a302e068b48d9c4691768ade433e4adeea961993464",
                "sha256:eaa85bce251feca8e4c87ce3b954aba84b8c645b90f0e6a515c00394a9f5c0e7",
                "sha256:f14467edef672195c6f6b8e27ce5005313cb5d03c9239059bc7182b60c176e2d",
                "sha256:f2ac8055a0c4a09b30b931100996ba49ef334c6947e7ae365cdd870416d7513e",
                "sha256:fd723b47a8c08892b1a16b2c6239a8b96637c62a59b94bb5dab4bac592a58a8e"
            ],
            "markers": "python_version >= '3.8'",
            "version": "==1.8.17"
        },
        "decorator": {
            "hashes": [
                "sha256:65f266143752f734b0a7cc83c46f4618af75b8c5911b00ccb61d0ac9b6da0360",
                "sha256:d316bb415a2d9e2d2b3abcc4084c6502fc09240e292cd76a76afc106a1c8e04a"
            ],
            "markers": "python_version >= '3.8'",
            "version": "==5.2.1"
        },
        "executing": {
            "hashes": [
                "sha256:3632cc370565f6648cc328b32435bd120a1e4ebb20c77e3fdde9a13cd1e533c4",
                "sha256:760643d3452b4d777d295bb167ccc74c64a81df23fb5e08eff250c425a4b2017"
            ],
            "markers": "python_version >= '3.8'",
            "version": "==2.2.1"
        },
        "ipykernel": {
            "hashes": [
                "sha256:58a3fc88533d5930c3546dc7eac66c6d288acde4f801e2001e65edc5dc9cf0db",
                "sha256:763b5ec6c5b7776f6a8d7ce09b267693b4e5ce75cb50ae696aaefb3c85e1ea4c"
            ],
            "index": "pypi",
            "markers": "python_version >= '3.10'",
            "version": "==7.1.0"
        },
        "ipython": {
            "hashes": [
                "sha256:5f6de88c905a566c6a9d6c400a8fed54a638e1f7543d17aae2551133216b1e4e",
                "sha256:bce8ac85eb9521adc94e1845b4c03d88365fd6ac2f4908ec4ed1eb1b0a065f9f"
            ],
            "markers": "python_version >= '3.11'",
            "version": "==9.7.0"
        },
        "ipython-pygments-lexers": {
            "hashes": [
                "sha256:09c0138009e56b6854f9535736f4171d855c8c08a563a0dcd8022f78355c7e81",
                "sha256:a9462224a505ade19a605f71f8fa63c2048833ce50abc86768a0d81d876dc81c"
            ],
            "markers": "python_version >= '3.8'",
            "version": "==1.1.1"
        },
        "jedi": {
            "hashes": [
                "sha256:4770dc3de41bde3966b02eb84fbcf557fb33cce26ad23da12c742fb50ecb11f0",
                "sha256:a8ef22bde8490f57fe5c7681a3c83cb58874daf72b4784de3cce5b6ef6edb5b9"
            ],
            "markers": "python_version >= '3.6'",
            "version": "==0.19.2"
        },
        "jupyter-client": {
            "hashes": [
                "sha256:35b3a0947c4a6e9d589eb97d7d4cd5e90f910ee73101611f01283732bd6d9419",
                "sha256:e8a19cc986cc45905ac3362915f410f3af85424b4c0905e94fa5f2cb08e8f23f"
            ],
            "markers": "python_version >= '3.8'",
            "version": "==8.6.3"
        },
        "jupyter-core": {
            "hashes": [
                "sha256:4d09aaff303b9566c3ce657f580bd089ff5c91f5f89cf7d8846c3cdf465b5508",
                "sha256:ebf87fdc6073d142e114c72c9e29a9d7ca03fad818c5d300ce2adc1fb0743407"
            ],
            "markers": "python_version >= '3.10'",
            "version": "==5.9.1"
        },
        "matplotlib-inline": {
            "hashes": [
                "sha256:d56ce5156ba6085e00a9d54fead6ed29a9c47e215cd1bba2e976ef39f5710a76",
                "sha256:e1ee949c340d771fc39e241ea75683deb94762c8fa5f2927ec57c83c4dffa9fe"
            ],
            "markers": "python_version >= '3.9'",
            "version": "==0.2.1"
        },
        "nest-asyncio": {
            "hashes": [
                "sha256:6f172d5449aca15afd6c646851f4e31e02c598d553a667e38cafa997cfec55fe",
                "sha256:87af6efd6b5e897c81050477ef65c62e2b2f35d51703cae01aff2905b1852e1c"
            ],
            "markers": "python_version >= '3.5'",
            "version": "==1.6.0"
        },
        "packaging": {
            "hashes": [
                "sha256:29572ef2b1f17581046b3a2227d5c611fb25ec70ca1ba8554b24b0e69331a484",
                "sha256:d443872c98d677bf60f6a1f2f8c1cb748e8fe762d2bf9d3148b5599295b0fc4f"
            ],
            "markers": "python_version >= '3.8'",
            "version": "==25.0"
        },
        "parso": {
            "hashes": [
                "sha256:034d7354a9a018bdce352f48b2a8a450f05e9d6ee85db84764e9b6bd96dafe5a",
                "sha256:646204b5ee239c396d040b90f9e272e9a8017c630092bf59980beb62fd033887"
            ],
            "markers": "python_version >= '3.6'",
            "version": "==0.8.5"
        },
        "platformdirs": {
            "hashes": [
                "sha256:70ddccdd7c99fc5942e9fc25636a8b34d04c24b335100223152c2803e4063312",
                "sha256:e578a81bb873cbb89a41fcc904c7ef523cc18284b7e3b3ccf06aca1403b7ebd3"
            ],
            "markers": "python_version >= '3.10'",
            "version": "==4.5.0"
        },
        "prompt-toolkit": {
            "hashes": [
                "sha256:28cde192929c8e7321de85de1ddbe736f1375148b02f2e17edd840042b1be855",
                "sha256:9aac639a3bbd33284347de5ad8d68ecc044b91a762dc39b7c21095fcd6a19955"
            ],
            "markers": "python_version >= '3.8'",
            "version": "==3.0.52"
        },
        "psutil": {
            "hashes": [
                "sha256:0005da714eee687b4b8decd3d6cc7c6db36215c9e74e5ad2264b90c3df7d92dc",
                "sha256:1068c303be3a72f8e18e412c5b2a8f6d31750fb152f9cb106b54090296c9d251",
                "sha256:18349c5c24b06ac5612c0428ec2a0331c26443d259e2a0144a9b24b4395b58fa",
                "sha256:19644c85dcb987e35eeeaefdc3915d059dac7bd1167cdcdbf27e0ce2df0c08c0",
                "sha256:2bdbcd0e58ca14996a42adf3621a6244f1bb2e2e528886959c72cf1e326677ab",
                "sha256:31d77fcedb7529f27bb3a0472bea9334349f9a04160e8e6e5020f22c59893264",
                "sha256:3792983e23b69843aea49c8f5b8f115572c5ab64c153bada5270086a2123c7e7",
                "sha256:3bb428f9f05c1225a558f53e30ccbad9930b11c3fc206836242de1091d3e7dd3",
                "sha256:56d974e02ca2c8eb4812c3f76c30e28836fffc311d55d979f1465c1feeb2b68b",
                "sha256:6c86281738d77335af7aec228328e944b30930899ea760ecf33a4dba66be5e74",
                "sha256:8f33a3702e167783a9213db10ad29650ebf383946e91bc77f28a5eb083496bc9",
                "sha256:95ef04cf2e5ba0ab9eaafc4a11eaae91b44f4ef5541acd2ee91d9108d00d59a7",
                "sha256:ad81425efc5e75da3f39b3e636293360ad8d0b49bed7df824c79764fb4ba9b8b",
                "sha256:b403da1df4d6d43973dc004d19cee3b848e998ae3154cc8097d139b77156c353",
                "sha256:bc31fa00f1fbc3c3802141eede66f3a2d51d89716a194bf2cd6fc68310a19880",
                "sha256:bd0d69cee829226a761e92f28140bec9a5ee9d5b4fb4b0cc589068dbfff559b1",
                "sha256:c525ffa774fe4496282fb0b1187725793de3e7c6b29e41562733cae9ada151ee",
                "sha256:f39c2c19fe824b47484b96f9692932248a54c43799a84282cfe58d05a6449efd",
                "sha256:fac9cd332c67f4422504297889da5ab7e05fd11e3c4392140f7370f4208ded1f"
            ],
            "markers": "python_version >= '3.6'",
            "version": "==7.1.3"
        },
        "pure-eval": {
            "hashes": [
                "sha256:1db8e35b67b3d218d818ae653e27f06c3aa420901fa7b081ca98cbedc874e0d0",
                "sha256:5f4e983f40564c576c7c8635ae88db5956bb2229d7e9237d03b3c0b0190eaf42"
            ],
            "version": "==0.2.3"
        },
        "pygments": {
            "hashes": [
                "sha256:636cb2477cec7f8952536970bc533bc43743542f70392ae026374600add5b887",
                "sha256:86540386c03d588bb81d44bc3928634ff26449851e99741617ecb9037ee5ec0b"
            ],
            "markers": "python_version >= '3.8'",
            "version": "==2.19.2"
        },
        "python-dateutil": {
            "hashes": [
                "sha256:37dd54208da7e1cd875388217d5e00ebd4179249f90fb72437e91a35459a0ad3",
                "sha256:a8b2bc7bffae282281c8140a97d3aa9c14da0b136dfe83f850eea9a5f7470427"
            ],
            "markers": "python_version >= '2.7' and python_version not in '3.0, 3.1, 3.2'",
            "version": "==2.9.0.post0"
        },
        "pyzmq": {
            "hashes": [
                "sha256:01c0e07d558b06a60773744ea6251f769cd79a41a97d11b8bf4ab8f034b0424d",
                "sha256:01f9437501886d3a1dd4b02ef59fb8cc384fa718ce066d52f175ee49dd5b7ed8",
                "sha256:03ff0b279b40d687691a6217c12242ee71f0fba28bf8626ff50e3ef0f4410e1e",
                "sha256:05b12f2d32112bf8c95ef2e74ec4f1d4beb01f8b5e703b38537f8849f92cb9ba",
                "sha256:0790a0161c281ca9723f804871b4027f2e8b5a528d357c8952d08cd1a9c15581",
                "sha256:08363b2011dec81c354d694bdecaef4770e0ae96b9afea70b3f47b973655cc05",
                "sha256:08e90bb4b57603b84eab1d0ca05b3bbb10f60c1839dc471fc1c9e1507bef3386",
                "sha256:0c996ded912812a2fcd7ab6574f4ad3edc27cb6510349431e4930d4196ade7db",
                "sha256:0de3028d69d4cdc475bfe47a6128eb38d8bc0e8f4d69646adfbcd840facbac28",
                "sha256:15c8bd0fe0dabf808e2d7a681398c4e5ded70a551ab47482067a572c054c8e2e",
                "sha256:1779be8c549e54a1c38f805e56d2a2e5c009d26de10921d7d51cfd1c8d4632ea",
                "sha256:18339186c0ed0ce5835f2656cdfb32203125917711af64da64dbaa3d949e5a1b",
                "sha256:18770c8d3563715387139060d37859c02ce40718d1faf299abddcdcc6a649066",
                "sha256:190cbf120fbc0fc4957b56866830def56628934a9d112aec0e2507aa6a032b97",
                "sha256:19c9468ae0437f8074af379e986c5d3d7d7bfe033506af442e8c879732bedbe0",
                "sha256:1c179799b118e554b66da67d88ed66cd37a169f1f23b5d9f0a231b4e8d44a113",
                "sha256:1f0b2a577fd770aa6f053211a55d1c47901f4d537389a034c690291485e5fe92",
                "sha256:1f8426a01b1c4098a750973c37131cf585f61c7911d735f729935a0c701b68d3",
                "sha256:226b091818d461a3bef763805e75685e478ac17e9008f49fce2d3e52b3d58b86",
                "sha256:250e5436a4ba13885494412b3da5d518cd0d3a278a1ae640e113c073a5f88edd",
                "sha256:346e9ba4198177a07e7706050f35d733e08c1c1f8ceacd5eb6389d653579ffbc",
                "sha256:3837439b7f99e60312f0c926a6ad437b067356dc2bc2ec96eb395fd0fe804233",
                "sha256:3970778e74cb7f85934d2b926b9900e92bfe597e62267d7499acc39c9c28e345",
                "sha256:43ad9a73e3da1fab5b0e7e13402f0b2fb934ae1c876c51d0afff0e7c052eca31",
                "sha256:448f9cb54eb0cee4732b46584f2710c8bc178b0e5371d9e4fc8125201e413a74",
                "sha256:452631b640340c928fa343801b0d07eb0c3789a5ffa843f6e1a9cee0ba4eb4fc",
                "sha256:49d3980544447f6bd2968b6ac913ab963a49dcaa2d4a2990041f16057b04c429",
                "sha256:4a19387a3dddcc762bfd2f570d14e2395b2c9701329b266f83dd87a2b3cbd381",
                "sha256:4c618fbcd069e3a29dcd221739cacde52edcc681f041907867e0f5cc7e85f172",
                "sha256:50081a4e98472ba9f5a02850014b4c9b629da6710f8f14f3b15897c666a28f1b",
                "sha256:507b6f430bdcf0ee48c0d30e734ea89ce5567fd7b8a0f0044a369c176aa44556",
                "sha256:508e23ec9bc44c0005c4946ea013d9317ae00ac67778bd47519fdf5a0e930ff4",
                "sha256:510869f9df36ab97f89f4cff9d002a89ac554c7ac9cadd87d444aa4cf66abd27",
                "sha256:53b40f8ae006f2734ee7608d59ed661419f087521edbfc2149c3932e9c14808c",
                "sha256:544b4e3b7198dde4a62b8ff6685e9802a9a1ebf47e77478a5eb88eca2a82f2fd",
                "sha256:5bbf8d3630bf96550b3be8e1fc0fea5cbdc8d5466c1192887bd94869da17a63e",
                "sha256:677e744fee605753eac48198b15a2124016c009a11056f93807000ab11ce6526",
                "sha256:6bb54ca21bcfe361e445256c15eedf083f153811c37be87e0514934d6913061e",
                "sha256:6df079c47d5902af6db298ec92151db82ecb557af663098b92f2508c398bb54f",
                "sha256:6f3afa12c392f0a44a2414056d730eebc33ec0926aae92b5ad5cf26ebb6cc128",
                "sha256:7200bb0f03345515df50d99d3db206a0a6bee1955fbb8c453c76f5bf0e08fb96",
                "sha256:722ea791aa233ac0a819fc2c475e1292c76930b31f1d828cb61073e2fe5e208f",
                "sha256:726b6a502f2e34c6d2ada5e702929586d3ac948a4dbbb7fed9854ec8c0466027",
                "sha256:753d56fba8f70962cd8295fb3edb40b9b16deaa882dd2b5a3a2039f9ff7625aa",
                "sha256:75a2f36223f0d535a0c919e23615fc85a1e23b71f40c7eb43d7b1dedb4d8f15f",
                "sha256:7be883ff3d722e6085ee3f4afc057a50f7f2e0c72d289fd54df5706b4e3d3a50",
                "sha256:7ccc0700cfdf7bd487bea8d850ec38f204478681ea02a582a8da8171b7f90a1c",
                "sha256:8085a9fba668216b9b4323be338ee5437a235fe275b9d1610e422ccc279733e2",
                "sha256:80d834abee71f65253c91540445d37c4c561e293ba6e741b992f20a105d69146",
                "sha256:849ca054d81aa1c175c49484afaaa5db0622092b5eccb2055f9f3bb8f703782d",
                "sha256:90e6e9441c946a8b0a667356f7078d96411391a3b8f80980315455574177ec97",
                "sha256:93ad4b0855a664229559e45c8d23797ceac03183c7b6f5b4428152a6b06684a5",
                "sha256:9541c444cfe1b1c0156c5c86ece2bb926c7079a18e7b47b0b1b3b1b875e5d098",
                "sha256:96c71c32fff75957db6ae33cd961439f386505c6e6b377370af9b24a1ef9eafb",
                "sha256:9a916f76c2ab8d045b19f2286851a38e9ac94ea91faf65bd64735924522a8b32",
                "sha256:9c1790386614232e1b3a40a958454bdd42c6d1811837b15ddbb052a032a43f62",
                "sha256:9ce490cf1d2ca2ad84733aa1d69ce6855372cb5ce9223802450c9b2a7cba0ccf",
                "sha256:a1aa0ee920fb3825d6c825ae3f6c508403b905b698b6460408ebd5bb04bbb312",
                "sha256:a5b42d7a0658b515319148875fcb782bbf118dd41c671b62dae33666c2213bda",
                "sha256:ac0765e3d44455adb6ddbf4417dcce460fc40a05978c08efdf2948072f6db540",
                "sha256:ac25465d42f92e990f8d8b0546b01c391ad431c3bf447683fdc40565941d0604",
                "sha256:ad68808a61cbfbbae7ba26d6233f2a4aa3b221de379ce9ee468aa7a83b9c36b0",
                "sha256:add071b2d25f84e8189aaf0882d39a285b42fa3853016ebab234a5e78c7a43db",
                "sha256:b1267823d72d1e40701dcba7edc45fd17f71be1285557b7fe668887150a14b78",
                "sha256:b2e592db3a93128daf567de9650a2f3859017b3f7a66bc4ed6e4779d6034976f",
                "sha256:b721c05d932e5ad9ff9344f708c96b9e1a485418c6618d765fca95d4daacfbef",
                "sha256:bafcb3dd171b4ae9f19ee6380dfc71ce0390fefaf26b504c0e5f628d7c8c54f2",
                "sha256:bd67e7c8f4654bef471c0b1ca6614af0b5202a790723a58b79d9584dc8022a78",
                "sha256:bf7b38f9fd7b81cb6d9391b2946382c8237fd814075c6aa9c3b746d53076023b",
                "sha256:c0bb87227430ee3aefcc0ade2088100e528d5d3298a0a715a64f3d04c60ba02f",
                "sha256:c17e03cbc9312bee223864f1a2b13a99522e0dc9f7c5df0177cd45210ac286e6",
                "sha256:c65047adafe573ff023b3187bb93faa583151627bc9c51fc4fb2c561ed689d39",
                "sha256:c895a6f35476b0c3a54e3eb6ccf41bf3018de937016e6e18748317f25d4e925f",
                "sha256:c9f7f6e13dff2e44a6afeaf2cf54cee5929ad64afaf4d40b50f93c58fc687355",
                "sha256:ce980af330231615756acd5154f29813d553ea555485ae712c491cd483df6b7a",
                "sha256:cedc4c68178e59a4046f97eca31b148ddcf51e88677de1ef4e78cf06c5376c9a",
                "sha256:cf44a7763aea9298c0aa7dbf859f87ed7012de8bda0f3977b6fb1d96745df856",
                "sha256:d54530c8c8b5b8ddb3318f481297441af102517602b569146185fa10b63f4fa9",
                "sha256:da96ecdcf7d3919c3be2de91a8c513c186f6762aa6cf7c01087ed74fad7f0968",
                "sha256:dc5dbf68a7857b59473f7df42650c621d7e8923fb03fa74a526890f4d33cc4d7",
                "sha256:dd2fec2b13137416a1c5648b7009499bcc8fea78154cd888855fa32514f3dad1",
                "sha256:df7cd397ece96cf20a76fae705d40efbab217d217897a5053267cd88a700c266",
                "sha256:e2687c2d230e8d8584fbea433c24382edfeda0c60627aca3446aa5e58d5d1831",
                "sha256:e30a74a39b93e2e1591b58eb1acef4902be27c957a8720b0e368f579b82dc22f",
                "sha256:e343d067f7b151cfe4eb3bb796a7752c9d369eed007b91231e817071d2c2fec7",
                "sha256:e829529fcaa09937189178115c49c504e69289abd39967cd8a4c215761373394",
                "sha256:eca6b47df11a132d1745eb3b5b5e557a7dae2c303277aa0e69c6ba91b8736e07",
                "sha256:f30f395a9e6fbca195400ce833c731e7b64c3919aa481af4d88c3759e0cb7496",
                "sha256:f328d01128373cb6763823b2b4e7f73bdf767834268c565151eacb3b7a392f90",
                "sha256:f605d884e7c8be8fe1aa94e0a783bf3f591b84c24e4bc4f3e7564c82ac25e271",
                "sha256:fbb4f2400bfda24f12f009cba62ad5734148569ff4949b1b6ec3b519444342e6",
                "sha256:ff8d114d14ac671d88c89b9224c63d6c4e5a613fe8acd5594ce53d752a3aafe9"
            ],
            "markers": "python_version >= '3.8'",
            "version": "==27.1.0"
        },
        "six": {
            "hashes": [
                "sha256:4721f391ed90541fddacab5acf947aa0d3dc7d27b2e1e8eda2be8970586c3274",
                "sha256:ff70335d468e7eb6ec65b95b99d3a2836546063f63acc5171de367e834932a81"
            ],
            "markers": "python_version >= '2.7' and python_version not in '3.0, 3.1, 3.2'",
            "version": "==1.17.0"
        },
        "stack-data": {
            "hashes": [
                "sha256:836a778de4fec4dcd1dcd89ed8abff8a221f58308462e1c4aa2a3cf30148f0b9",
                "sha256:d5558e0c25a4cb0853cddad3d77da9891a08cb85dd9f9f91b9f8cd66e511e695"
            ],
            "version": "==0.6.3"
        },
        "tornado": {
            "hashes": [
                "sha256:06ceb1300fd70cb20e43b1ad8aaee0266e69e7ced38fa910ad2e03285009ce7c",
                "sha256:2436822940d37cde62771cff8774f4f00b3c8024fe482e16ca8387b8a2724db6",
                "sha256:583a52c7aa94ee046854ba81d9ebb6c81ec0fd30386d96f7640c96dad45a03ef",
                "sha256:74db443e0f5251be86cbf37929f84d8c20c27a355dd452a5cfa2aada0d001ec4",
                "sha256:ab53c8f9a0fa351e2c0741284e06c7a45da86afb544133201c5cc8578eb076a0",
                "sha256:b0fe179f28d597deab2842b86ed4060deec7388f1fd9c1b4a41adf8af058907e",
                "sha256:b186e85d1e3536d69583d2298423744740986018e393d0321df7340e71898882",
                "sha256:b5e735ab2889d7ed33b32a459cac490eda71a1ba6857b0118de476ab6c366c04",
                "sha256:c6f29e94d9b37a95013bb669616352ddb82e3bfe8326fccee50583caebc8a5f0",
                "sha256:d6c33dc3672e3a1f3618eb63b7ef4683a7688e7b9e6e8f0d9aa5726360a004af",
                "sha256:e56a5af51cc30dd2cae649429af65ca2f6571da29504a07995175df14c18f35f",
                "sha256:e792706668c87709709c18b353da1f7662317b563ff69f00bab83595940c7108"
            ],
            "markers": "python_version >= '3.9'",
            "version": "==6.5.2"
        },
        "traitlets": {
            "hashes": [
                "sha256:9ed0579d3502c94b4b3732ac120375cda96f923114522847de4b3bb98b96b6b7",
                "sha256:b74e89e397b1ed28cc831db7aea759ba6640cb3de13090ca145426688ff1ac4f"
            ],
            "markers": "python_version >= '3.8'",
            "version": "==5.14.3"
        },
        "wcwidth": {
            "hashes": [
                "sha256:4d478375d31bc5395a3c55c40ccdf3354688364cd61c4f6adacaa9215d0b3605",
                "sha256:a7bb560c8aee30f9957e5f9895805edd20602f2d7f720186dfd906e82b4982e1"
            ],
            "markers": "python_version >= '3.6'",
            "version": "==0.2.14"
        }
    }
}
